{"version":4,"terraform_version":"1.11.2","serial":4,"lineage":"aacd1a53-7b85-f5ba-e819-bbc6295cbc55","outputs":{"cloudwatch_api_log_group":{"value":"/lockdev/dev/api","type":"string"},"cloudwatch_log_drain_access_key_id":{"value":"AKIA6CQKRC362TAG7CDC","type":"string"},"cloudwatch_log_drain_secret_key":{"value":"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","type":"string","sensitive":true},"cloudwatch_worker_log_group":{"value":"/lockdev/dev/worker","type":"string"},"database_url_secret_arn":{"value":"arn:aws:secretsmanager:us-west-2:967463474941:secret:lockdev-saas/dev/database-url-3SYlRU","type":"string"},"documents_bucket_arn":{"value":"arn:aws:s3:::lockdev-saas-documents-dev","type":"string"},"documents_bucket_name":{"value":"lockdev-saas-documents-dev","type":"string"},"dynamodb_lock_table":{"value":"boundaryhealth-terraform-lock","type":"string"},"gcp_credentials_secret_arn":{"value":"arn:aws:secretsmanager:us-west-2:967463474941:secret:lockdev-saas/dev/gcp-credentials-r3zDUF","type":"string"},"quarantine_bucket_arn":{"value":"arn:aws:s3:::lockdev-saas-quarantine-dev","type":"string"},"quarantine_bucket_name":{"value":"lockdev-saas-quarantine-dev","type":"string"},"route53_name_servers":{"value":["ns-1343.awsdns-39.org","ns-1790.awsdns-31.co.uk","ns-469.awsdns-58.com","ns-533.awsdns-02.net"],"type":["list","string"]},"route53_zone_id":{"value":"Z0253860A0V0ITN54B33","type":"string"},"sentry_secret_arn":{"value":"arn:aws:secretsmanager:us-west-2:967463474941:secret:lockdev-saas/dev/sentry-yNvaeS","type":"string"},"ses_bounces_topic_arn":{"value":"arn:aws:sns:us-west-2:967463474941:lockdev-saas-ses-bounces-dev","type":"string"},"ses_complaints_topic_arn":{"value":"arn:aws:sns:us-west-2:967463474941:lockdev-saas-ses-complaints-dev","type":"string"},"ses_configuration_set":{"value":"lockdev-saas-dev","type":"string"},"ses_dkim_tokens":{"value":["hzheq6tk2kzjzeinky77hv3qqaankadt","li5nf23ufs367qc4ka2dj3464macuxhb","q3p3ls45jflytxh4p35v22a5epl3v6k6"],"type":["list","string"]},"ses_domain_identity":{"value":"boundaryhealth.app","type":"string"},"ses_smtp_password":{"value":"BNCUv6RJvKnFhSl0XDn/dPGQIoY0C9EZFXvzg5PB8yY6","type":"string","sensitive":true},"ses_smtp_secret_arn":{"value":"arn:aws:secretsmanager:us-west-2:967463474941:secret:lockdev-saas/dev/ses-smtp-IPfPnT","type":"string"},"ses_smtp_username":{"value":"AKIA6CQKRC36547ILKJG","type":"string","sensitive":true},"state_bucket_name":{"value":"boundaryhealth-terraform-state","type":"string"},"stripe_secret_arn":{"value":"arn:aws:secretsmanager:us-west-2:967463474941:secret:lockdev-saas/dev/stripe-xPjBQR","type":"string"},"virus_scanner_function_arn":{"value":"arn:aws:lambda:us-west-2:967463474941:function:lockdev-saas-virus-scanner-dev","type":"string"},"virus_scanner_function_name":{"value":"lockdev-saas-virus-scanner-dev","type":"string"},"virus_scanner_log_group":{"value":"/aws/lambda/lockdev-saas-virus-scanner-dev","type":"string"}},"resources":[{"mode":"managed","type":"aws_cloudwatch_log_group","name":"api","provider":"provider[\"registry.opentofu.org/hashicorp/aws\"]","instances":[{"schema_version":0,"attributes":{"arn":"arn:aws:logs:us-west-2:967463474941:log-group:/lockdev/dev/api","id":"/lockdev/dev/api","kms_key_id":"","log_group_class":"STANDARD","name":"/lockdev/dev/api","name_prefix":"","retention_in_days":30,"skip_destroy":false,"tags":{"Environment":"dev","ManagedBy":"opentofu","Service":"api"},"tags_all":{"Environment":"dev","ManagedBy":"opentofu","Project":"lockdev-saas","Service":"api"}},"sensitive_attributes":[],"private":"bnVsbA=="}]},{"mode":"managed","type":"aws_cloudwatch_log_group","name":"virus_scanner","provider":"provider[\"registry.opentofu.org/hashicorp/aws\"]","instances":[{"schema_version":0,"attributes":{"arn":"arn:aws:logs:us-west-2:967463474941:log-group:/aws/lambda/lockdev-saas-virus-scanner-dev","id":"/aws/lambda/lockdev-saas-virus-scanner-dev","kms_key_id":"","log_group_class":"STANDARD","name":"/aws/lambda/lockdev-saas-virus-scanner-dev","name_prefix":"","retention_in_days":30,"skip_destroy":false,"tags":{"Name":"Virus Scanner Logs"},"tags_all":{"Environment":"dev","ManagedBy":"OpenTofu","Name":"Virus Scanner Logs","Project":"lockdev-saas"}},"sensitive_attributes":[],"private":"bnVsbA==","dependencies":["aws_iam_role.virus_scanner","aws_lambda_function.virus_scanner","aws_s3_bucket.documents","aws_s3_bucket.quarantine"]}]},{"mode":"managed","type":"aws_cloudwatch_log_group","name":"worker","provider":"provider[\"registry.opentofu.org/hashicorp/aws\"]","instances":[{"schema_version":0,"attributes":{"arn":"arn:aws:logs:us-west-2:967463474941:log-group:/lockdev/dev/worker","id":"/lockdev/dev/worker","kms_key_id":"","log_group_class":"STANDARD","name":"/lockdev/dev/worker","name_prefix":"","retention_in_days":30,"skip_destroy":false,"tags":{"Environment":"dev","ManagedBy":"opentofu","Service":"worker"},"tags_all":{"Environment":"dev","ManagedBy":"opentofu","Project":"lockdev-saas","Service":"worker"}},"sensitive_attributes":[],"private":"bnVsbA=="}]},{"mode":"managed","type":"aws_dynamodb_table","name":"terraform_lock","provider":"provider[\"registry.opentofu.org/hashicorp/aws\"]","instances":[{"schema_version":1,"attributes":{"arn":"arn:aws:dynamodb:us-west-2:967463474941:table/boundaryhealth-terraform-lock","attribute":[{"name":"LockID","type":"S"}],"billing_mode":"PAY_PER_REQUEST","deletion_protection_enabled":false,"global_secondary_index":[],"hash_key":"LockID","id":"boundaryhealth-terraform-lock","import_table":[],"local_secondary_index":[],"name":"boundaryhealth-terraform-lock","on_demand_throughput":[],"point_in_time_recovery":[{"enabled":false,"recovery_period_in_days":0}],"range_key":null,"read_capacity":0,"replica":[],"restore_date_time":null,"restore_source_name":null,"restore_source_table_arn":null,"restore_to_latest_time":null,"server_side_encryption":[],"stream_arn":"","stream_enabled":false,"stream_label":"","stream_view_type":"","table_class":"STANDARD","tags":{"Description":"DynamoDB table for Terraform state locking","Name":"Terraform State Lock"},"tags_all":{"Description":"DynamoDB table for Terraform state locking","Environment":"dev","ManagedBy":"OpenTofu","Name":"Terraform State Lock","Project":"lockdev-saas"},"timeouts":null,"ttl":[{"attribute_name":"","enabled":false}],"write_capacity":0},"sensitive_attributes":[],"private":"eyJlMmJmYjczMC1lY2FhLTExZTYtOGY4OC0zNDM2M2JjN2M0YzAiOnsiY3JlYXRlIjoxODAwMDAwMDAwMDAwLCJkZWxldGUiOjYwMDAwMDAwMDAwMCwidXBkYXRlIjozNjAwMDAwMDAwMDAwfSwic2NoZW1hX3ZlcnNpb24iOiIxIn0="}]},{"mode":"managed","type":"aws_iam_access_key","name":"log_drain","provider":"provider[\"registry.opentofu.org/hashicorp/aws\"]","instances":[{"schema_version":0,"attributes":{"create_date":"2026-01-02T04:02:55Z","encrypted_secret":null,"encrypted_ses_smtp_password_v4":null,"id":"AKIA6CQKRC362TAG7CDC","key_fingerprint":null,"pgp_key":null,"secret":"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","ses_smtp_password_v4":"BAztbKzPkwU+3hnBVrGneFdsPZeH9UMkvkx26J9QwHlT","status":"Active","user":"lockdev-dev-log-drain"},"sensitive_attributes":[[{"type":"get_attr","value":"secret"}],[{"type":"get_attr","value":"ses_smtp_password_v4"}]],"private":"bnVsbA==","dependencies":["aws_iam_user.log_drain"]}]},{"mode":"managed","type":"aws_iam_access_key","name":"ses_smtp","provider":"provider[\"registry.opentofu.org/hashicorp/aws\"]","instances":[{"schema_version":0,"attributes":{"create_date":"2026-01-02T04:02:55Z","encrypted_secret":null,"encrypted_ses_smtp_password_v4":null,"id":"AKIA6CQKRC36547ILKJG","key_fingerprint":null,"pgp_key":null,"secret":"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","ses_smtp_password_v4":"BNCUv6RJvKnFhSl0XDn/dPGQIoY0C9EZFXvzg5PB8yY6","status":"Active","user":"lockdev-saas-ses-smtp-dev"},"sensitive_attributes":[[{"type":"get_attr","value":"secret"}],[{"type":"get_attr","value":"ses_smtp_password_v4"}]],"private":"bnVsbA==","dependencies":["aws_iam_user.ses_smtp"]}]},{"mode":"managed","type":"aws_iam_policy","name":"log_drain","provider":"provider[\"registry.opentofu.org/hashicorp/aws\"]","instances":[{"schema_version":0,"attributes":{"arn":"arn:aws:iam::967463474941:policy/lockdev-dev-log-drain","attachment_count":1,"description":"Allow Aptible log drain to write logs to CloudWatch","id":"arn:aws:iam::967463474941:policy/lockdev-dev-log-drain","name":"lockdev-dev-log-drain","name_prefix":"","path":"/","policy":"{\"Statement\":[{\"Action\":[\"logs:CreateLogStream\",\"logs:PutLogEvents\",\"logs:DescribeLogGroups\",\"logs:DescribeLogStreams\"],\"Effect\":\"Allow\",\"Resource\":[\"arn:aws:logs:us-west-2:967463474941:log-group:/lockdev/dev/api\",\"arn:aws:logs:us-west-2:967463474941:log-group:/lockdev/dev/api:*\",\"arn:aws:logs:us-west-2:967463474941:log-group:/lockdev/dev/worker\",\"arn:aws:logs:us-west-2:967463474941:log-group:/lockdev/dev/worker:*\"]}],\"Version\":\"2012-10-17\"}","policy_id":"ANPA6CQKRC36U3RR2UBR7","tags":{},"tags_all":{"Environment":"dev","ManagedBy":"OpenTofu","Project":"lockdev-saas"}},"sensitive_attributes":[],"private":"bnVsbA==","dependencies":["aws_cloudwatch_log_group.api","aws_cloudwatch_log_group.worker"]}]},{"mode":"managed","type":"aws_iam_role","name":"virus_scanner","provider":"provider[\"registry.opentofu.org/hashicorp/aws\"]","instances":[{"schema_version":0,"attributes":{"arn":"arn:aws:iam::967463474941:role/lockdev-saas-virus-scanner-dev","assume_role_policy":"{\"Statement\":[{\"Action\":\"sts:AssumeRole\",\"Effect\":\"Allow\",\"Principal\":{\"Service\":\"lambda.amazonaws.com\"}}],\"Version\":\"2012-10-17\"}","create_date":"2026-01-02T04:02:55Z","description":"","force_detach_policies":false,"id":"lockdev-saas-virus-scanner-dev","inline_policy":[{"name":"s3-access","policy":"{\"Version\":\"2012-10-17\",\"Statement\":[{\"Action\":[\"s3:GetObject\",\"s3:GetObjectVersion\",\"s3:PutObjectTagging\",\"s3:PutObjectVersionTagging\"],\"Effect\":\"Allow\",\"Resource\":\"arn:aws:s3:::lockdev-saas-documents-dev/*\"},{\"Action\":[\"s3:PutObject\",\"s3:PutObjectTagging\"],\"Effect\":\"Allow\",\"Resource\":\"arn:aws:s3:::lockdev-saas-quarantine-dev/*\"},{\"Action\":[\"s3:DeleteObject\",\"s3:DeleteObjectVersion\"],\"Effect\":\"Allow\",\"Resource\":\"arn:aws:s3:::lockdev-saas-documents-dev/*\"}]}"}],"managed_policy_arns":["arn:aws:iam::aws:policy/service-role/AWSLambdaBasicExecutionRole"],"max_session_duration":3600,"name":"lockdev-saas-virus-scanner-dev","name_prefix":"","path":"/","permissions_boundary":"","tags":{"Name":"Virus Scanner Lambda Role"},"tags_all":{"Environment":"dev","ManagedBy":"OpenTofu","Name":"Virus Scanner Lambda Role","Project":"lockdev-saas"},"unique_id":"AROA6CQKRC36VGRQPKFKG"},"sensitive_attributes":[],"private":"bnVsbA=="}]},{"mode":"managed","type":"aws_iam_role_policy","name":"virus_scanner_s3","provider":"provider[\"registry.opentofu.org/hashicorp/aws\"]","instances":[{"schema_version":0,"attributes":{"id":"lockdev-saas-virus-scanner-dev:s3-access","name":"s3-access","name_prefix":"","policy":"{\"Version\":\"2012-10-17\",\"Statement\":[{\"Action\":[\"s3:GetObject\",\"s3:GetObjectVersion\",\"s3:PutObjectTagging\",\"s3:PutObjectVersionTagging\"],\"Effect\":\"Allow\",\"Resource\":\"arn:aws:s3:::lockdev-saas-documents-dev/*\"},{\"Action\":[\"s3:PutObject\",\"s3:PutObjectTagging\"],\"Effect\":\"Allow\",\"Resource\":\"arn:aws:s3:::lockdev-saas-quarantine-dev/*\"},{\"Action\":[\"s3:DeleteObject\",\"s3:DeleteObjectVersion\"],\"Effect\":\"Allow\",\"Resource\":\"arn:aws:s3:::lockdev-saas-documents-dev/*\"}]}","role":"lockdev-saas-virus-scanner-dev"},"sensitive_attributes":[],"private":"bnVsbA==","dependencies":["aws_iam_role.virus_scanner","aws_s3_bucket.documents","aws_s3_bucket.quarantine"]}]},{"mode":"managed","type":"aws_iam_role_policy_attachment","name":"virus_scanner_basic","provider":"provider[\"registry.opentofu.org/hashicorp/aws\"]","instances":[{"schema_version":0,"attributes":{"id":"lockdev-saas-virus-scanner-dev-2026010204025591700000000b","policy_arn":"arn:aws:iam::aws:policy/service-role/AWSLambdaBasicExecutionRole","role":"lockdev-saas-virus-scanner-dev"},"sensitive_attributes":[],"private":"bnVsbA==","dependencies":["aws_iam_role.virus_scanner"]}]},{"mode":"managed","type":"aws_iam_user","name":"log_drain","provider":"provider[\"registry.opentofu.org/hashicorp/aws\"]","instances":[{"schema_version":0,"attributes":{"arn":"arn:aws:iam::967463474941:user/lockdev-dev-log-drain","force_destroy":false,"id":"lockdev-dev-log-drain","name":"lockdev-dev-log-drain","path":"/","permissions_boundary":"","tags":{"Environment":"dev","ManagedBy":"opentofu","Purpose":"Aptible Log Drain"},"tags_all":{"Environment":"dev","ManagedBy":"opentofu","Project":"lockdev-saas","Purpose":"Aptible Log Drain"},"unique_id":"AIDA6CQKRC36UL3QWUEU5"},"sensitive_attributes":[],"private":"bnVsbA=="}]},{"mode":"managed","type":"aws_iam_user","name":"ses_smtp","provider":"provider[\"registry.opentofu.org/hashicorp/aws\"]","instances":[{"schema_version":0,"attributes":{"arn":"arn:aws:iam::967463474941:user/lockdev-saas-ses-smtp-dev","force_destroy":false,"id":"lockdev-saas-ses-smtp-dev","name":"lockdev-saas-ses-smtp-dev","path":"/","permissions_boundary":"","tags":{"Description":"IAM user for SES SMTP authentication","Name":"SES SMTP User"},"tags_all":{"Description":"IAM user for SES SMTP authentication","Environment":"dev","ManagedBy":"OpenTofu","Name":"SES SMTP User","Project":"lockdev-saas"},"unique_id":"AIDA6CQKRC365NT75BVQI"},"sensitive_attributes":[],"private":"bnVsbA=="}]},{"mode":"managed","type":"aws_iam_user_policy","name":"ses_smtp","provider":"provider[\"registry.opentofu.org/hashicorp/aws\"]","instances":[{"schema_version":0,"attributes":{"id":"lockdev-saas-ses-smtp-dev:ses-send-email","name":"ses-send-email","name_prefix":"","policy":"{\"Version\":\"2012-10-17\",\"Statement\":[{\"Action\":[\"ses:SendEmail\",\"ses:SendRawEmail\"],\"Effect\":\"Allow\",\"Resource\":\"*\"}]}","user":"lockdev-saas-ses-smtp-dev"},"sensitive_attributes":[],"private":"bnVsbA==","dependencies":["aws_iam_user.ses_smtp"]}]},{"mode":"managed","type":"aws_iam_user_policy_attachment","name":"log_drain","provider":"provider[\"registry.opentofu.org/hashicorp/aws\"]","instances":[{"schema_version":0,"attributes":{"id":"lockdev-dev-log-drain-2026010204025626140000000d","policy_arn":"arn:aws:iam::967463474941:policy/lockdev-dev-log-drain","user":"lockdev-dev-log-drain"},"sensitive_attributes":[],"private":"bnVsbA==","dependencies":["aws_cloudwatch_log_group.api","aws_cloudwatch_log_group.worker","aws_iam_policy.log_drain","aws_iam_user.log_drain"]}]},{"mode":"managed","type":"aws_lambda_function","name":"virus_scanner","provider":"provider[\"registry.opentofu.org/hashicorp/aws\"]","instances":[{"schema_version":0,"attributes":{"architectures":["x86_64"],"arn":"arn:aws:lambda:us-west-2:967463474941:function:lockdev-saas-virus-scanner-dev","code_sha256":"CI2bzGVD4bKD8IyFkXJKXuAXblDl5pADogdZlI7IzCY=","code_signing_config_arn":"","dead_letter_config":[],"description":"","environment":[{"variables":{"QUARANTINE_BUCKET":"lockdev-saas-quarantine-dev","SOURCE_BUCKET":"lockdev-saas-documents-dev"}}],"ephemeral_storage":[{"size":512}],"file_system_config":[],"filename":"./lambda-virus-scan.zip","function_name":"lockdev-saas-virus-scanner-dev","handler":"index.handler","id":"lockdev-saas-virus-scanner-dev","image_config":[],"image_uri":"","invoke_arn":"arn:aws:apigateway:us-west-2:lambda:path/2015-03-31/functions/arn:aws:lambda:us-west-2:967463474941:function:lockdev-saas-virus-scanner-dev/invocations","kms_key_arn":"","last_modified":"2026-01-02T04:04:33.914+0000","layers":[],"logging_config":[{"application_log_level":"","log_format":"Text","log_group":"/aws/lambda/lockdev-saas-virus-scanner-dev","system_log_level":""}],"memory_size":3008,"package_type":"Zip","publish":false,"qualified_arn":"arn:aws:lambda:us-west-2:967463474941:function:lockdev-saas-virus-scanner-dev:$LATEST","qualified_invoke_arn":"arn:aws:apigateway:us-west-2:lambda:path/2015-03-31/functions/arn:aws:lambda:us-west-2:967463474941:function:lockdev-saas-virus-scanner-dev:$LATEST/invocations","replace_security_groups_on_destroy":null,"replacement_security_group_ids":null,"reserved_concurrent_executions":-1,"role":"arn:aws:iam::967463474941:role/lockdev-saas-virus-scanner-dev","runtime":"python3.11","s3_bucket":null,"s3_key":null,"s3_object_version":null,"signing_job_arn":"","signing_profile_version_arn":"","skip_destroy":false,"snap_start":[],"source_code_hash":"CI2bzGVD4bKD8IyFkXJKXuAXblDl5pADogdZlI7IzCY=","source_code_size":14631188,"tags":{"Name":"Virus Scanner Lambda"},"tags_all":{"Environment":"dev","ManagedBy":"OpenTofu","Name":"Virus Scanner Lambda","Project":"lockdev-saas"},"timeout":300,"timeouts":null,"tracing_config":[{"mode":"PassThrough"}],"version":"$LATEST","vpc_config":[]},"sensitive_attributes":[],"private":"eyJlMmJmYjczMC1lY2FhLTExZTYtOGY4OC0zNDM2M2JjN2M0YzAiOnsiY3JlYXRlIjo2MDAwMDAwMDAwMDAsImRlbGV0ZSI6NjAwMDAwMDAwMDAwLCJ1cGRhdGUiOjYwMDAwMDAwMDAwMH19","dependencies":["aws_iam_role.virus_scanner","aws_s3_bucket.documents","aws_s3_bucket.quarantine"]}]},{"mode":"managed","type":"aws_lambda_permission","name":"allow_s3","provider":"provider[\"registry.opentofu.org/hashicorp/aws\"]","instances":[{"schema_version":0,"attributes":{"action":"lambda:InvokeFunction","event_source_token":null,"function_name":"lockdev-saas-virus-scanner-dev","function_url_auth_type":null,"id":"AllowExecutionFromS3","principal":"s3.amazonaws.com","principal_org_id":null,"qualifier":"","source_account":null,"source_arn":"arn:aws:s3:::lockdev-saas-documents-dev","statement_id":"AllowExecutionFromS3","statement_id_prefix":""},"sensitive_attributes":[],"private":"bnVsbA==","dependencies":["aws_iam_role.virus_scanner","aws_lambda_function.virus_scanner","aws_s3_bucket.documents","aws_s3_bucket.quarantine"]}]},{"mode":"managed","type":"aws_route53_record","name":"dmarc","provider":"provider[\"registry.opentofu.org/hashicorp/aws\"]","instances":[{"schema_version":2,"attributes":{"alias":[],"allow_overwrite":null,"cidr_routing_policy":[],"failover_routing_policy":[],"fqdn":"_dmarc.boundaryhealth.app","geolocation_routing_policy":[],"geoproximity_routing_policy":[],"health_check_id":"","id":"Z0253860A0V0ITN54B33__dmarc.boundaryhealth.app_TXT","latency_routing_policy":[],"multivalue_answer_routing_policy":false,"name":"_dmarc.boundaryhealth.app","records":["v=DMARC1; p=quarantine; rua=mailto:dmarc@boundaryhealth.app"],"set_identifier":"","timeouts":null,"ttl":600,"type":"TXT","weighted_routing_policy":[],"zone_id":"Z0253860A0V0ITN54B33"},"sensitive_attributes":[],"private":"eyJlMmJmYjczMC1lY2FhLTExZTYtOGY4OC0zNDM2M2JjN2M0YzAiOnsiY3JlYXRlIjoxODAwMDAwMDAwMDAwLCJkZWxldGUiOjE4MDAwMDAwMDAwMDAsInVwZGF0ZSI6MTgwMDAwMDAwMDAwMH0sInNjaGVtYV92ZXJzaW9uIjoiMiJ9","dependencies":["aws_route53_zone.main","data.aws_route53_zone.main"]}]},{"mode":"managed","type":"aws_route53_record","name":"mx","provider":"provider[\"registry.opentofu.org/hashicorp/aws\"]","instances":[{"schema_version":2,"attributes":{"alias":[],"allow_overwrite":null,"cidr_routing_policy":[],"failover_routing_policy":[],"fqdn":"boundaryhealth.app","geolocation_routing_policy":[],"geoproximity_routing_policy":[],"health_check_id":"","id":"Z0253860A0V0ITN54B33_boundaryhealth.app_MX","latency_routing_policy":[],"multivalue_answer_routing_policy":false,"name":"boundaryhealth.app","records":["10 inbound-smtp.us-west-2.amazonaws.com"],"set_identifier":"","timeouts":null,"ttl":600,"type":"MX","weighted_routing_policy":[],"zone_id":"Z0253860A0V0ITN54B33"},"sensitive_attributes":[],"private":"eyJlMmJmYjczMC1lY2FhLTExZTYtOGY4OC0zNDM2M2JjN2M0YzAiOnsiY3JlYXRlIjoxODAwMDAwMDAwMDAwLCJkZWxldGUiOjE4MDAwMDAwMDAwMDAsInVwZGF0ZSI6MTgwMDAwMDAwMDAwMH0sInNjaGVtYV92ZXJzaW9uIjoiMiJ9","dependencies":["aws_route53_zone.main","data.aws_route53_zone.main"]}]},{"mode":"managed","type":"aws_route53_record","name":"ses_dkim","provider":"provider[\"registry.opentofu.org/hashicorp/aws\"]","instances":[{"index_key":0,"schema_version":2,"attributes":{"alias":[],"allow_overwrite":null,"cidr_routing_policy":[],"failover_routing_policy":[],"fqdn":"hzheq6tk2kzjzeinky77hv3qqaankadt._domainkey.boundaryhealth.app","geolocation_routing_policy":[],"geoproximity_routing_policy":[],"health_check_id":"","id":"Z0253860A0V0ITN54B33_hzheq6tk2kzjzeinky77hv3qqaankadt._domainkey.boundaryhealth.app_CNAME","latency_routing_policy":[],"multivalue_answer_routing_policy":false,"name":"hzheq6tk2kzjzeinky77hv3qqaankadt._domainkey.boundaryhealth.app","records":["hzheq6tk2kzjzeinky77hv3qqaankadt.dkim.amazonses.com"],"set_identifier":"","timeouts":null,"ttl":600,"type":"CNAME","weighted_routing_policy":[],"zone_id":"Z0253860A0V0ITN54B33"},"sensitive_attributes":[],"private":"eyJlMmJmYjczMC1lY2FhLTExZTYtOGY4OC0zNDM2M2JjN2M0YzAiOnsiY3JlYXRlIjoxODAwMDAwMDAwMDAwLCJkZWxldGUiOjE4MDAwMDAwMDAwMDAsInVwZGF0ZSI6MTgwMDAwMDAwMDAwMH0sInNjaGVtYV92ZXJzaW9uIjoiMiJ9","dependencies":["aws_route53_zone.main","aws_ses_domain_dkim.main","aws_ses_domain_identity.main","data.aws_route53_zone.main"]},{"index_key":1,"schema_version":2,"attributes":{"alias":[],"allow_overwrite":null,"cidr_routing_policy":[],"failover_routing_policy":[],"fqdn":"li5nf23ufs367qc4ka2dj3464macuxhb._domainkey.boundaryhealth.app","geolocation_routing_policy":[],"geoproximity_routing_policy":[],"health_check_id":"","id":"Z0253860A0V0ITN54B33_li5nf23ufs367qc4ka2dj3464macuxhb._domainkey.boundaryhealth.app_CNAME","latency_routing_policy":[],"multivalue_answer_routing_policy":false,"name":"li5nf23ufs367qc4ka2dj3464macuxhb._domainkey.boundaryhealth.app","records":["li5nf23ufs367qc4ka2dj3464macuxhb.dkim.amazonses.com"],"set_identifier":"","timeouts":null,"ttl":600,"type":"CNAME","weighted_routing_policy":[],"zone_id":"Z0253860A0V0ITN54B33"},"sensitive_attributes":[],"private":"eyJlMmJmYjczMC1lY2FhLTExZTYtOGY4OC0zNDM2M2JjN2M0YzAiOnsiY3JlYXRlIjoxODAwMDAwMDAwMDAwLCJkZWxldGUiOjE4MDAwMDAwMDAwMDAsInVwZGF0ZSI6MTgwMDAwMDAwMDAwMH0sInNjaGVtYV92ZXJzaW9uIjoiMiJ9","dependencies":["aws_route53_zone.main","aws_ses_domain_dkim.main","aws_ses_domain_identity.main","data.aws_route53_zone.main"]},{"index_key":2,"schema_version":2,"attributes":{"alias":[],"allow_overwrite":null,"cidr_routing_policy":[],"failover_routing_policy":[],"fqdn":"q3p3ls45jflytxh4p35v22a5epl3v6k6._domainkey.boundaryhealth.app","geolocation_routing_policy":[],"geoproximity_routing_policy":[],"health_check_id":"","id":"Z0253860A0V0ITN54B33_q3p3ls45jflytxh4p35v22a5epl3v6k6._domainkey.boundaryhealth.app_CNAME","latency_routing_policy":[],"multivalue_answer_routing_policy":false,"name":"q3p3ls45jflytxh4p35v22a5epl3v6k6._domainkey.boundaryhealth.app","records":["q3p3ls45jflytxh4p35v22a5epl3v6k6.dkim.amazonses.com"],"set_identifier":"","timeouts":null,"ttl":600,"type":"CNAME","weighted_routing_policy":[],"zone_id":"Z0253860A0V0ITN54B33"},"sensitive_attributes":[],"private":"eyJlMmJmYjczMC1lY2FhLTExZTYtOGY4OC0zNDM2M2JjN2M0YzAiOnsiY3JlYXRlIjoxODAwMDAwMDAwMDAwLCJkZWxldGUiOjE4MDAwMDAwMDAwMDAsInVwZGF0ZSI6MTgwMDAwMDAwMDAwMH0sInNjaGVtYV92ZXJzaW9uIjoiMiJ9","dependencies":["aws_route53_zone.main","aws_ses_domain_dkim.main","aws_ses_domain_identity.main","data.aws_route53_zone.main"]}]},{"mode":"managed","type":"aws_route53_record","name":"ses_verification","provider":"provider[\"registry.opentofu.org/hashicorp/aws\"]","instances":[{"schema_version":2,"attributes":{"alias":[],"allow_overwrite":null,"cidr_routing_policy":[],"failover_routing_policy":[],"fqdn":"_amazonses.boundaryhealth.app","geolocation_routing_policy":[],"geoproximity_routing_policy":[],"health_check_id":"","id":"Z0253860A0V0ITN54B33__amazonses.boundaryhealth.app_TXT","latency_routing_policy":[],"multivalue_answer_routing_policy":false,"name":"_amazonses.boundaryhealth.app","records":["1tNQKKzIfsSe+mw+DOLtL2YJ3UcFXWLzx3ASrNA8XXo="],"set_identifier":"","timeouts":null,"ttl":600,"type":"TXT","weighted_routing_policy":[],"zone_id":"Z0253860A0V0ITN54B33"},"sensitive_attributes":[],"private":"eyJlMmJmYjczMC1lY2FhLTExZTYtOGY4OC0zNDM2M2JjN2M0YzAiOnsiY3JlYXRlIjoxODAwMDAwMDAwMDAwLCJkZWxldGUiOjE4MDAwMDAwMDAwMDAsInVwZGF0ZSI6MTgwMDAwMDAwMDAwMH0sInNjaGVtYV92ZXJzaW9uIjoiMiJ9","dependencies":["aws_route53_zone.main","aws_ses_domain_identity.main","data.aws_route53_zone.main"]}]},{"mode":"managed","type":"aws_route53_record","name":"spf","provider":"provider[\"registry.opentofu.org/hashicorp/aws\"]","instances":[{"schema_version":2,"attributes":{"alias":[],"allow_overwrite":null,"cidr_routing_policy":[],"failover_routing_policy":[],"fqdn":"boundaryhealth.app","geolocation_routing_policy":[],"geoproximity_routing_policy":[],"health_check_id":"","id":"Z0253860A0V0ITN54B33_boundaryhealth.app_TXT","latency_routing_policy":[],"multivalue_answer_routing_policy":false,"name":"boundaryhealth.app","records":["v=spf1 include:amazonses.com ~all"],"set_identifier":"","timeouts":null,"ttl":600,"type":"TXT","weighted_routing_policy":[],"zone_id":"Z0253860A0V0ITN54B33"},"sensitive_attributes":[],"private":"eyJlMmJmYjczMC1lY2FhLTExZTYtOGY4OC0zNDM2M2JjN2M0YzAiOnsiY3JlYXRlIjoxODAwMDAwMDAwMDAwLCJkZWxldGUiOjE4MDAwMDAwMDAwMDAsInVwZGF0ZSI6MTgwMDAwMDAwMDAwMH0sInNjaGVtYV92ZXJzaW9uIjoiMiJ9","dependencies":["aws_route53_zone.main","data.aws_route53_zone.main"]}]},{"mode":"managed","type":"aws_route53_zone","name":"main","provider":"provider[\"registry.opentofu.org/hashicorp/aws\"]","instances":[{"index_key":0,"schema_version":0,"attributes":{"arn":"arn:aws:route53:::hostedzone/Z0253860A0V0ITN54B33","comment":"Managed by Terraform","delegation_set_id":"","force_destroy":false,"id":"Z0253860A0V0ITN54B33","name":"boundaryhealth.app","name_servers":["ns-1343.awsdns-39.org","ns-1790.awsdns-31.co.uk","ns-469.awsdns-58.com","ns-533.awsdns-02.net"],"primary_name_server":"ns-533.awsdns-02.net","tags":{"Description":"Hosted zone for boundaryhealth.app","Name":"Main DNS Zone"},"tags_all":{"Description":"Hosted zone for boundaryhealth.app","Environment":"dev","ManagedBy":"OpenTofu","Name":"Main DNS Zone","Project":"lockdev-saas"},"timeouts":null,"vpc":[],"zone_id":"Z0253860A0V0ITN54B33"},"sensitive_attributes":[],"private":"eyJlMmJmYjczMC1lY2FhLTExZTYtOGY4OC0zNDM2M2JjN2M0YzAiOnsiY3JlYXRlIjoxODAwMDAwMDAwMDAwLCJkZWxldGUiOjE4MDAwMDAwMDAwMDAsInVwZGF0ZSI6MTgwMDAwMDAwMDAwMH19"}]},{"mode":"managed","type":"aws_s3_bucket","name":"access_logs","provider":"provider[\"registry.opentofu.org/hashicorp/aws\"]","instances":[{"schema_version":0,"attributes":{"acceleration_status":"","acl":null,"arn":"arn:aws:s3:::lockdev-saas-access-logs-dev","bucket":"lockdev-saas-access-logs-dev","bucket_domain_name":"lockdev-saas-access-logs-dev.s3.amazonaws.com","bucket_prefix":"","bucket_regional_domain_name":"lockdev-saas-access-logs-dev.s3.us-west-2.amazonaws.com","cors_rule":[],"force_destroy":false,"grant":[{"id":"f9ab52c138b4312f639a54d0c0588dc3da93211ee846c4a1c1094d65f88237ae","permissions":["FULL_CONTROL"],"type":"CanonicalUser","uri":""}],"hosted_zone_id":"Z3BJ6K6RIION7M","id":"lockdev-saas-access-logs-dev","lifecycle_rule":[],"logging":[],"object_lock_configuration":[],"object_lock_enabled":false,"policy":"","region":"us-west-2","replication_configuration":[],"request_payer":"BucketOwner","server_side_encryption_configuration":[{"rule":[{"apply_server_side_encryption_by_default":[{"kms_master_key_id":"","sse_algorithm":"AES256"}],"bucket_key_enabled":false}]}],"tags":{"Description":"Bucket for storing S3 access logs","Name":"S3 Access Logs"},"tags_all":{"Description":"Bucket for storing S3 access logs","Environment":"dev","ManagedBy":"OpenTofu","Name":"S3 Access Logs","Project":"lockdev-saas"},"timeouts":null,"versioning":[{"enabled":false,"mfa_delete":false}],"website":[],"website_domain":null,"website_endpoint":null},"sensitive_attributes":[],"private":"eyJlMmJmYjczMC1lY2FhLTExZTYtOGY4OC0zNDM2M2JjN2M0YzAiOnsiY3JlYXRlIjoxMjAwMDAwMDAwMDAwLCJkZWxldGUiOjM2MDAwMDAwMDAwMDAsInJlYWQiOjEyMDAwMDAwMDAwMDAsInVwZGF0ZSI6MTIwMDAwMDAwMDAwMH19"}]},{"mode":"managed","type":"aws_s3_bucket","name":"documents","provider":"provider[\"registry.opentofu.org/hashicorp/aws\"]","instances":[{"schema_version":0,"attributes":{"acceleration_status":"","acl":null,"arn":"arn:aws:s3:::lockdev-saas-documents-dev","bucket":"lockdev-saas-documents-dev","bucket_domain_name":"lockdev-saas-documents-dev.s3.amazonaws.com","bucket_prefix":"","bucket_regional_domain_name":"lockdev-saas-documents-dev.s3.us-west-2.amazonaws.com","cors_rule":[{"allowed_headers":["*"],"allowed_methods":["POST","GET","PUT"],"allowed_origins":["https://*.lockdev.com","http://localhost:5173"],"expose_headers":["ETag"],"max_age_seconds":3000}],"force_destroy":false,"grant":[{"id":"f9ab52c138b4312f639a54d0c0588dc3da93211ee846c4a1c1094d65f88237ae","permissions":["FULL_CONTROL"],"type":"CanonicalUser","uri":""}],"hosted_zone_id":"Z3BJ6K6RIION7M","id":"lockdev-saas-documents-dev","lifecycle_rule":[{"abort_incomplete_multipart_upload_days":0,"enabled":true,"expiration":[],"id":"archive-old-versions","noncurrent_version_expiration":[{"days":365}],"noncurrent_version_transition":[{"days":90,"storage_class":"GLACIER"}],"prefix":"","tags":{},"transition":[]},{"abort_incomplete_multipart_upload_days":7,"enabled":true,"expiration":[],"id":"delete-incomplete-uploads","noncurrent_version_expiration":[],"noncurrent_version_transition":[],"prefix":"","tags":{},"transition":[]}],"logging":[{"target_bucket":"lockdev-saas-access-logs-dev","target_prefix":"documents/"}],"object_lock_configuration":[],"object_lock_enabled":false,"policy":"","region":"us-west-2","replication_configuration":[],"request_payer":"BucketOwner","server_side_encryption_configuration":[{"rule":[{"apply_server_side_encryption_by_default":[{"kms_master_key_id":"","sse_algorithm":"AES256"}],"bucket_key_enabled":true}]}],"tags":{"Compliance":"HIPAA","Description":"S3 bucket for storing patient documents and PHI","Name":"Document Storage"},"tags_all":{"Compliance":"HIPAA","Description":"S3 bucket for storing patient documents and PHI","Environment":"dev","ManagedBy":"OpenTofu","Name":"Document Storage","Project":"lockdev-saas"},"timeouts":null,"versioning":[{"enabled":true,"mfa_delete":false}],"website":[],"website_domain":null,"website_endpoint":null},"sensitive_attributes":[],"private":"eyJlMmJmYjczMC1lY2FhLTExZTYtOGY4OC0zNDM2M2JjN2M0YzAiOnsiY3JlYXRlIjoxMjAwMDAwMDAwMDAwLCJkZWxldGUiOjM2MDAwMDAwMDAwMDAsInJlYWQiOjEyMDAwMDAwMDAwMDAsInVwZGF0ZSI6MTIwMDAwMDAwMDAwMH19"}]},{"mode":"managed","type":"aws_s3_bucket","name":"quarantine","provider":"provider[\"registry.opentofu.org/hashicorp/aws\"]","instances":[{"schema_version":0,"attributes":{"acceleration_status":"","acl":null,"arn":"arn:aws:s3:::lockdev-saas-quarantine-dev","bucket":"lockdev-saas-quarantine-dev","bucket_domain_name":"lockdev-saas-quarantine-dev.s3.amazonaws.com","bucket_prefix":"","bucket_regional_domain_name":"lockdev-saas-quarantine-dev.s3.us-west-2.amazonaws.com","cors_rule":[],"force_destroy":false,"grant":[{"id":"f9ab52c138b4312f639a54d0c0588dc3da93211ee846c4a1c1094d65f88237ae","permissions":["FULL_CONTROL"],"type":"CanonicalUser","uri":""}],"hosted_zone_id":"Z3BJ6K6RIION7M","id":"lockdev-saas-quarantine-dev","lifecycle_rule":[],"logging":[],"object_lock_configuration":[],"object_lock_enabled":false,"policy":"","region":"us-west-2","replication_configuration":[],"request_payer":"BucketOwner","server_side_encryption_configuration":[{"rule":[{"apply_server_side_encryption_by_default":[{"kms_master_key_id":"","sse_algorithm":"AES256"}],"bucket_key_enabled":true}]}],"tags":{"Compliance":"HIPAA","Description":"S3 bucket for storing quarantined files that failed virus scan","Name":"Quarantine Bucket"},"tags_all":{"Compliance":"HIPAA","Description":"S3 bucket for storing quarantined files that failed virus scan","Environment":"dev","ManagedBy":"OpenTofu","Name":"Quarantine Bucket","Project":"lockdev-saas"},"timeouts":null,"versioning":[{"enabled":true,"mfa_delete":false}],"website":[],"website_domain":null,"website_endpoint":null},"sensitive_attributes":[],"private":"eyJlMmJmYjczMC1lY2FhLTExZTYtOGY4OC0zNDM2M2JjN2M0YzAiOnsiY3JlYXRlIjoxMjAwMDAwMDAwMDAwLCJkZWxldGUiOjM2MDAwMDAwMDAwMDAsInJlYWQiOjEyMDAwMDAwMDAwMDAsInVwZGF0ZSI6MTIwMDAwMDAwMDAwMH19"}]},{"mode":"managed","type":"aws_s3_bucket","name":"terraform_state","provider":"provider[\"registry.opentofu.org/hashicorp/aws\"]","instances":[{"schema_version":0,"attributes":{"acceleration_status":"","acl":null,"arn":"arn:aws:s3:::boundaryhealth-terraform-state","bucket":"boundaryhealth-terraform-state","bucket_domain_name":"boundaryhealth-terraform-state.s3.amazonaws.com","bucket_prefix":"","bucket_regional_domain_name":"boundaryhealth-terraform-state.s3.us-west-2.amazonaws.com","cors_rule":[],"force_destroy":false,"grant":[{"id":"f9ab52c138b4312f639a54d0c0588dc3da93211ee846c4a1c1094d65f88237ae","permissions":["FULL_CONTROL"],"type":"CanonicalUser","uri":""}],"hosted_zone_id":"Z3BJ6K6RIION7M","id":"boundaryhealth-terraform-state","lifecycle_rule":[],"logging":[],"object_lock_configuration":[],"object_lock_enabled":false,"policy":"","region":"us-west-2","replication_configuration":[],"request_payer":"BucketOwner","server_side_encryption_configuration":[{"rule":[{"apply_server_side_encryption_by_default":[{"kms_master_key_id":"","sse_algorithm":"AES256"}],"bucket_key_enabled":false}]}],"tags":{"Description":"S3 bucket for storing Terraform state files","Name":"Terraform State Storage"},"tags_all":{"Description":"S3 bucket for storing Terraform state files","Environment":"dev","ManagedBy":"OpenTofu","Name":"Terraform State Storage","Project":"lockdev-saas"},"timeouts":null,"versioning":[{"enabled":true,"mfa_delete":false}],"website":[],"website_domain":null,"website_endpoint":null},"sensitive_attributes":[],"private":"eyJlMmJmYjczMC1lY2FhLTExZTYtOGY4OC0zNDM2M2JjN2M0YzAiOnsiY3JlYXRlIjoxMjAwMDAwMDAwMDAwLCJkZWxldGUiOjM2MDAwMDAwMDAwMDAsInJlYWQiOjEyMDAwMDAwMDAwMDAsInVwZGF0ZSI6MTIwMDAwMDAwMDAwMH19"}]},{"mode":"managed","type":"aws_s3_bucket_cors_configuration","name":"documents","provider":"provider[\"registry.opentofu.org/hashicorp/aws\"]","instances":[{"schema_version":0,"attributes":{"bucket":"lockdev-saas-documents-dev","cors_rule":[{"allowed_headers":["*"],"allowed_methods":["GET","POST","PUT"],"allowed_origins":["http://localhost:5173","https://*.lockdev.com"],"expose_headers":["ETag"],"id":"","max_age_seconds":3000}],"expected_bucket_owner":"","id":"lockdev-saas-documents-dev"},"sensitive_attributes":[],"private":"bnVsbA==","dependencies":["aws_s3_bucket.documents"]}]},{"mode":"managed","type":"aws_s3_bucket_lifecycle_configuration","name":"documents","provider":"provider[\"registry.opentofu.org/hashicorp/aws\"]","instances":[{"schema_version":1,"attributes":{"bucket":"lockdev-saas-documents-dev","expected_bucket_owner":"","id":"lockdev-saas-documents-dev","rule":[{"abort_incomplete_multipart_upload":[],"expiration":[],"filter":[{"and":[],"object_size_greater_than":null,"object_size_less_than":null,"prefix":"","tag":[]}],"id":"archive-old-versions","noncurrent_version_expiration":[{"newer_noncurrent_versions":null,"noncurrent_days":365}],"noncurrent_version_transition":[{"newer_noncurrent_versions":null,"noncurrent_days":90,"storage_class":"GLACIER"}],"prefix":"","status":"Enabled","transition":[]},{"abort_incomplete_multipart_upload":[{"days_after_initiation":7}],"expiration":[],"filter":[{"and":[],"object_size_greater_than":null,"object_size_less_than":null,"prefix":"","tag":[]}],"id":"delete-incomplete-uploads","noncurrent_version_expiration":[],"noncurrent_version_transition":[],"prefix":"","status":"Enabled","transition":[]}],"timeouts":null,"transition_default_minimum_object_size":"all_storage_classes_128K"},"sensitive_attributes":[],"dependencies":["aws_s3_bucket.documents"]}]},{"mode":"managed","type":"aws_s3_bucket_logging","name":"documents","provider":"provider[\"registry.opentofu.org/hashicorp/aws\"]","instances":[{"schema_version":0,"attributes":{"bucket":"lockdev-saas-documents-dev","expected_bucket_owner":"","id":"lockdev-saas-documents-dev","target_bucket":"lockdev-saas-access-logs-dev","target_grant":[],"target_object_key_format":[],"target_prefix":"documents/"},"sensitive_attributes":[],"private":"bnVsbA==","dependencies":["aws_s3_bucket.access_logs","aws_s3_bucket.documents"]}]},{"mode":"managed","type":"aws_s3_bucket_notification","name":"documents_virus_scan","provider":"provider[\"registry.opentofu.org/hashicorp/aws\"]","instances":[{"schema_version":0,"attributes":{"bucket":"lockdev-saas-documents-dev","eventbridge":false,"id":"lockdev-saas-documents-dev","lambda_function":[{"events":["s3:ObjectCreated:*"],"filter_prefix":"","filter_suffix":"","id":"tf-s3-lambda-20260102040440671400000001","lambda_function_arn":"arn:aws:lambda:us-west-2:967463474941:function:lockdev-saas-virus-scanner-dev"}],"queue":[],"topic":[]},"sensitive_attributes":[],"private":"bnVsbA==","dependencies":["aws_iam_role.virus_scanner","aws_lambda_function.virus_scanner","aws_lambda_permission.allow_s3","aws_s3_bucket.documents","aws_s3_bucket.quarantine"]}]},{"mode":"managed","type":"aws_s3_bucket_public_access_block","name":"access_logs","provider":"provider[\"registry.opentofu.org/hashicorp/aws\"]","instances":[{"schema_version":0,"attributes":{"block_public_acls":true,"block_public_policy":true,"bucket":"lockdev-saas-access-logs-dev","id":"lockdev-saas-access-logs-dev","ignore_public_acls":true,"restrict_public_buckets":true},"sensitive_attributes":[],"private":"bnVsbA==","dependencies":["aws_s3_bucket.access_logs"]}]},{"mode":"managed","type":"aws_s3_bucket_public_access_block","name":"documents","provider":"provider[\"registry.opentofu.org/hashicorp/aws\"]","instances":[{"schema_version":0,"attributes":{"block_public_acls":true,"block_public_policy":true,"bucket":"lockdev-saas-documents-dev","id":"lockdev-saas-documents-dev","ignore_public_acls":true,"restrict_public_buckets":true},"sensitive_attributes":[],"private":"bnVsbA==","dependencies":["aws_s3_bucket.documents"]}]},{"mode":"managed","type":"aws_s3_bucket_public_access_block","name":"quarantine","provider":"provider[\"registry.opentofu.org/hashicorp/aws\"]","instances":[{"schema_version":0,"attributes":{"block_public_acls":true,"block_public_policy":true,"bucket":"lockdev-saas-quarantine-dev","id":"lockdev-saas-quarantine-dev","ignore_public_acls":true,"restrict_public_buckets":true},"sensitive_attributes":[],"private":"bnVsbA==","dependencies":["aws_s3_bucket.quarantine"]}]},{"mode":"managed","type":"aws_s3_bucket_public_access_block","name":"terraform_state","provider":"provider[\"registry.opentofu.org/hashicorp/aws\"]","instances":[{"schema_version":0,"attributes":{"block_public_acls":true,"block_public_policy":true,"bucket":"boundaryhealth-terraform-state","id":"boundaryhealth-terraform-state","ignore_public_acls":true,"restrict_public_buckets":true},"sensitive_attributes":[],"private":"bnVsbA==","dependencies":["aws_s3_bucket.terraform_state"]}]},{"mode":"managed","type":"aws_s3_bucket_server_side_encryption_configuration","name":"documents","provider":"provider[\"registry.opentofu.org/hashicorp/aws\"]","instances":[{"schema_version":0,"attributes":{"bucket":"lockdev-saas-documents-dev","expected_bucket_owner":"","id":"lockdev-saas-documents-dev","rule":[{"apply_server_side_encryption_by_default":[{"kms_master_key_id":"","sse_algorithm":"AES256"}],"bucket_key_enabled":true}]},"sensitive_attributes":[],"private":"bnVsbA==","dependencies":["aws_s3_bucket.documents"]}]},{"mode":"managed","type":"aws_s3_bucket_server_side_encryption_configuration","name":"quarantine","provider":"provider[\"registry.opentofu.org/hashicorp/aws\"]","instances":[{"schema_version":0,"attributes":{"bucket":"lockdev-saas-quarantine-dev","expected_bucket_owner":"","id":"lockdev-saas-quarantine-dev","rule":[{"apply_server_side_encryption_by_default":[{"kms_master_key_id":"","sse_algorithm":"AES256"}],"bucket_key_enabled":true}]},"sensitive_attributes":[],"private":"bnVsbA==","dependencies":["aws_s3_bucket.quarantine"]}]},{"mode":"managed","type":"aws_s3_bucket_server_side_encryption_configuration","name":"terraform_state","provider":"provider[\"registry.opentofu.org/hashicorp/aws\"]","instances":[{"schema_version":0,"attributes":{"bucket":"boundaryhealth-terraform-state","expected_bucket_owner":"","id":"boundaryhealth-terraform-state","rule":[{"apply_server_side_encryption_by_default":[{"kms_master_key_id":"","sse_algorithm":"AES256"}],"bucket_key_enabled":false}]},"sensitive_attributes":[],"private":"bnVsbA==","dependencies":["aws_s3_bucket.terraform_state"]}]},{"mode":"managed","type":"aws_s3_bucket_versioning","name":"documents","provider":"provider[\"registry.opentofu.org/hashicorp/aws\"]","instances":[{"schema_version":0,"attributes":{"bucket":"lockdev-saas-documents-dev","expected_bucket_owner":"","id":"lockdev-saas-documents-dev","mfa":null,"versioning_configuration":[{"mfa_delete":"","status":"Enabled"}]},"sensitive_attributes":[],"private":"bnVsbA==","dependencies":["aws_s3_bucket.documents"]}]},{"mode":"managed","type":"aws_s3_bucket_versioning","name":"quarantine","provider":"provider[\"registry.opentofu.org/hashicorp/aws\"]","instances":[{"schema_version":0,"attributes":{"bucket":"lockdev-saas-quarantine-dev","expected_bucket_owner":"","id":"lockdev-saas-quarantine-dev","mfa":null,"versioning_configuration":[{"mfa_delete":"","status":"Enabled"}]},"sensitive_attributes":[],"private":"bnVsbA==","dependencies":["aws_s3_bucket.quarantine"]}]},{"mode":"managed","type":"aws_s3_bucket_versioning","name":"terraform_state","provider":"provider[\"registry.opentofu.org/hashicorp/aws\"]","instances":[{"schema_version":0,"attributes":{"bucket":"boundaryhealth-terraform-state","expected_bucket_owner":"","id":"boundaryhealth-terraform-state","mfa":null,"versioning_configuration":[{"mfa_delete":"","status":"Enabled"}]},"sensitive_attributes":[],"private":"bnVsbA==","dependencies":["aws_s3_bucket.terraform_state"]}]},{"mode":"managed","type":"aws_secretsmanager_secret","name":"database_url","provider":"provider[\"registry.opentofu.org/hashicorp/aws\"]","instances":[{"schema_version":0,"attributes":{"arn":"arn:aws:secretsmanager:us-west-2:967463474941:secret:lockdev-saas/dev/database-url-3SYlRU","description":"PostgreSQL database connection string","force_overwrite_replica_secret":false,"id":"arn:aws:secretsmanager:us-west-2:967463474941:secret:lockdev-saas/dev/database-url-3SYlRU","kms_key_id":"","name":"lockdev-saas/dev/database-url","name_prefix":"","policy":"","recovery_window_in_days":30,"replica":[],"tags":{"Description":"Connection string for PostgreSQL database","Name":"Database URL"},"tags_all":{"Description":"Connection string for PostgreSQL database","Environment":"dev","ManagedBy":"OpenTofu","Name":"Database URL","Project":"lockdev-saas"}},"sensitive_attributes":[],"private":"bnVsbA=="}]},{"mode":"managed","type":"aws_secretsmanager_secret","name":"gcp_credentials","provider":"provider[\"registry.opentofu.org/hashicorp/aws\"]","instances":[{"schema_version":0,"attributes":{"arn":"arn:aws:secretsmanager:us-west-2:967463474941:secret:lockdev-saas/dev/gcp-credentials-r3zDUF","description":"GCP service account credentials for Firebase and Vertex AI","force_overwrite_replica_secret":false,"id":"arn:aws:secretsmanager:us-west-2:967463474941:secret:lockdev-saas/dev/gcp-credentials-r3zDUF","kms_key_id":"","name":"lockdev-saas/dev/gcp-credentials","name_prefix":"","policy":"","recovery_window_in_days":30,"replica":[],"tags":{"Description":"Service account JSON for Firebase Admin SDK and Vertex AI","Name":"GCP Credentials"},"tags_all":{"Description":"Service account JSON for Firebase Admin SDK and Vertex AI","Environment":"dev","ManagedBy":"OpenTofu","Name":"GCP Credentials","Project":"lockdev-saas"}},"sensitive_attributes":[],"private":"bnVsbA=="}]},{"mode":"managed","type":"aws_secretsmanager_secret","name":"sentry","provider":"provider[\"registry.opentofu.org/hashicorp/aws\"]","instances":[{"schema_version":0,"attributes":{"arn":"arn:aws:secretsmanager:us-west-2:967463474941:secret:lockdev-saas/dev/sentry-yNvaeS","description":"Sentry DSN for error tracking","force_overwrite_replica_secret":false,"id":"arn:aws:secretsmanager:us-west-2:967463474941:secret:lockdev-saas/dev/sentry-yNvaeS","kms_key_id":"","name":"lockdev-saas/dev/sentry","name_prefix":"","policy":"","recovery_window_in_days":30,"replica":[],"tags":{"Description":"Data Source Name for Sentry error tracking","Name":"Sentry DSN"},"tags_all":{"Description":"Data Source Name for Sentry error tracking","Environment":"dev","ManagedBy":"OpenTofu","Name":"Sentry DSN","Project":"lockdev-saas"}},"sensitive_attributes":[],"private":"bnVsbA=="}]},{"mode":"managed","type":"aws_secretsmanager_secret","name":"ses_smtp","provider":"provider[\"registry.opentofu.org/hashicorp/aws\"]","instances":[{"schema_version":0,"attributes":{"arn":"arn:aws:secretsmanager:us-west-2:967463474941:secret:lockdev-saas/dev/ses-smtp-IPfPnT","description":"SES SMTP credentials for sending transactional emails","force_overwrite_replica_secret":false,"id":"arn:aws:secretsmanager:us-west-2:967463474941:secret:lockdev-saas/dev/ses-smtp-IPfPnT","kms_key_id":"","name":"lockdev-saas/dev/ses-smtp","name_prefix":"","policy":"","recovery_window_in_days":30,"replica":[],"tags":{"Description":"SMTP username and password for SES","Name":"SES SMTP Credentials"},"tags_all":{"Description":"SMTP username and password for SES","Environment":"dev","ManagedBy":"OpenTofu","Name":"SES SMTP Credentials","Project":"lockdev-saas"}},"sensitive_attributes":[],"private":"bnVsbA=="}]},{"mode":"managed","type":"aws_secretsmanager_secret","name":"stripe","provider":"provider[\"registry.opentofu.org/hashicorp/aws\"]","instances":[{"schema_version":0,"attributes":{"arn":"arn:aws:secretsmanager:us-west-2:967463474941:secret:lockdev-saas/dev/stripe-xPjBQR","description":"Stripe API keys for payment processing","force_overwrite_replica_secret":false,"id":"arn:aws:secretsmanager:us-west-2:967463474941:secret:lockdev-saas/dev/stripe-xPjBQR","kms_key_id":"","name":"lockdev-saas/dev/stripe","name_prefix":"","policy":"","recovery_window_in_days":30,"replica":[],"tags":{"Description":"Publishable and secret keys for Stripe","Name":"Stripe API Keys"},"tags_all":{"Description":"Publishable and secret keys for Stripe","Environment":"dev","ManagedBy":"OpenTofu","Name":"Stripe API Keys","Project":"lockdev-saas"}},"sensitive_attributes":[],"private":"bnVsbA=="}]},{"mode":"managed","type":"aws_secretsmanager_secret_version","name":"database_url","provider":"provider[\"registry.opentofu.org/hashicorp/aws\"]","instances":[{"schema_version":0,"attributes":{"arn":"arn:aws:secretsmanager:us-west-2:967463474941:secret:lockdev-saas/dev/database-url-3SYlRU","has_secret_string_wo":null,"id":"arn:aws:secretsmanager:us-west-2:967463474941:secret:lockdev-saas/dev/database-url-3SYlRU|terraform-20260102040255232900000008","secret_binary":"","secret_id":"arn:aws:secretsmanager:us-west-2:967463474941:secret:lockdev-saas/dev/database-url-3SYlRU","secret_string":"{\"url\":\"postgresql+asyncpg://user:password@host:5432/database\"}","secret_string_wo":null,"secret_string_wo_version":null,"version_id":"terraform-20260102040255232900000008","version_stages":["AWSCURRENT"]},"sensitive_attributes":[[{"type":"get_attr","value":"secret_binary"}],[{"type":"get_attr","value":"secret_string"}],[{"type":"get_attr","value":"secret_string_wo"}]],"private":"bnVsbA==","dependencies":["aws_secretsmanager_secret.database_url"]}]},{"mode":"managed","type":"aws_secretsmanager_secret_version","name":"gcp_credentials","provider":"provider[\"registry.opentofu.org/hashicorp/aws\"]","instances":[{"schema_version":0,"attributes":{"arn":"arn:aws:secretsmanager:us-west-2:967463474941:secret:lockdev-saas/dev/gcp-credentials-r3zDUF","has_secret_string_wo":null,"id":"arn:aws:secretsmanager:us-west-2:967463474941:secret:lockdev-saas/dev/gcp-credentials-r3zDUF|terraform-2026010204025543210000000a","secret_binary":"","secret_id":"arn:aws:secretsmanager:us-west-2:967463474941:secret:lockdev-saas/dev/gcp-credentials-r3zDUF","secret_string":"{\"auth_provider_x509_cert_url\":\"https://www.googleapis.com/oauth2/v1/certs\",\"auth_uri\":\"https://accounts.google.com/o/oauth2/auth\",\"client_email\":\"REPLACE_WITH_ACTUAL_CLIENT_EMAIL\",\"client_id\":\"REPLACE_WITH_ACTUAL_CLIENT_ID\",\"client_x509_cert_url\":\"REPLACE_WITH_ACTUAL_CERT_URL\",\"private_key\":\"REPLACE_WITH_ACTUAL_PRIVATE_KEY\",\"private_key_id\":\"REPLACE_WITH_ACTUAL_PRIVATE_KEY_ID\",\"project_id\":\"REPLACE_WITH_ACTUAL_PROJECT_ID\",\"token_uri\":\"https://oauth2.googleapis.com/token\",\"type\":\"service_account\"}","secret_string_wo":null,"secret_string_wo_version":null,"version_id":"terraform-2026010204025543210000000a","version_stages":["AWSCURRENT"]},"sensitive_attributes":[[{"type":"get_attr","value":"secret_binary"}],[{"type":"get_attr","value":"secret_string"}],[{"type":"get_attr","value":"secret_string_wo"}]],"private":"bnVsbA==","dependencies":["aws_secretsmanager_secret.gcp_credentials"]}]},{"mode":"managed","type":"aws_secretsmanager_secret_version","name":"sentry","provider":"provider[\"registry.opentofu.org/hashicorp/aws\"]","instances":[{"schema_version":0,"attributes":{"arn":"arn:aws:secretsmanager:us-west-2:967463474941:secret:lockdev-saas/dev/sentry-yNvaeS","has_secret_string_wo":null,"id":"arn:aws:secretsmanager:us-west-2:967463474941:secret:lockdev-saas/dev/sentry-yNvaeS|terraform-20260102040255407000000009","secret_binary":"","secret_id":"arn:aws:secretsmanager:us-west-2:967463474941:secret:lockdev-saas/dev/sentry-yNvaeS","secret_string":"{\"dsn\":\"REPLACE_WITH_SENTRY_DSN\"}","secret_string_wo":null,"secret_string_wo_version":null,"version_id":"terraform-20260102040255407000000009","version_stages":["AWSCURRENT"]},"sensitive_attributes":[[{"type":"get_attr","value":"secret_binary"}],[{"type":"get_attr","value":"secret_string"}],[{"type":"get_attr","value":"secret_string_wo"}]],"private":"bnVsbA==","dependencies":["aws_secretsmanager_secret.sentry"]}]},{"mode":"managed","type":"aws_secretsmanager_secret_version","name":"ses_smtp","provider":"provider[\"registry.opentofu.org/hashicorp/aws\"]","instances":[{"schema_version":0,"attributes":{"arn":"arn:aws:secretsmanager:us-west-2:967463474941:secret:lockdev-saas/dev/ses-smtp-IPfPnT","has_secret_string_wo":null,"id":"arn:aws:secretsmanager:us-west-2:967463474941:secret:lockdev-saas/dev/ses-smtp-IPfPnT|terraform-2026010204025606830000000c","secret_binary":"","secret_id":"arn:aws:secretsmanager:us-west-2:967463474941:secret:lockdev-saas/dev/ses-smtp-IPfPnT","secret_string":"{\"password\":\"BNCUv6RJvKnFhSl0XDn/dPGQIoY0C9EZFXvzg5PB8yY6\",\"username\":\"AKIA6CQKRC36547ILKJG\"}","secret_string_wo":null,"secret_string_wo_version":null,"version_id":"terraform-2026010204025606830000000c","version_stages":["AWSCURRENT"]},"sensitive_attributes":[[{"type":"get_attr","value":"secret_binary"}],[{"type":"get_attr","value":"secret_string"}],[{"type":"get_attr","value":"secret_string_wo"}]],"private":"bnVsbA==","dependencies":["aws_iam_access_key.ses_smtp","aws_iam_user.ses_smtp","aws_secretsmanager_secret.ses_smtp"]}]},{"mode":"managed","type":"aws_secretsmanager_secret_version","name":"stripe","provider":"provider[\"registry.opentofu.org/hashicorp/aws\"]","instances":[{"schema_version":0,"attributes":{"arn":"arn:aws:secretsmanager:us-west-2:967463474941:secret:lockdev-saas/dev/stripe-xPjBQR","has_secret_string_wo":null,"id":"arn:aws:secretsmanager:us-west-2:967463474941:secret:lockdev-saas/dev/stripe-xPjBQR|terraform-20260102040254931400000007","secret_binary":"","secret_id":"arn:aws:secretsmanager:us-west-2:967463474941:secret:lockdev-saas/dev/stripe-xPjBQR","secret_string":"{\"publishable_key\":\"REPLACE_WITH_STRIPE_PUBLISHABLE_KEY\",\"secret_key\":\"REPLACE_WITH_STRIPE_SECRET_KEY\",\"webhook_secret\":\"REPLACE_WITH_STRIPE_WEBHOOK_SECRET\"}","secret_string_wo":null,"secret_string_wo_version":null,"version_id":"terraform-20260102040254931400000007","version_stages":["AWSCURRENT"]},"sensitive_attributes":[[{"type":"get_attr","value":"secret_binary"}],[{"type":"get_attr","value":"secret_string"}],[{"type":"get_attr","value":"secret_string_wo"}]],"private":"bnVsbA==","dependencies":["aws_secretsmanager_secret.stripe"]}]},{"mode":"managed","type":"aws_ses_configuration_set","name":"main","provider":"provider[\"registry.opentofu.org/hashicorp/aws\"]","instances":[{"schema_version":0,"attributes":{"arn":"arn:aws:ses:us-west-2:967463474941:configuration-set/lockdev-saas-dev","delivery_options":[{"tls_policy":"Require"}],"id":"lockdev-saas-dev","last_fresh_start":"0001-01-01T00:00:00Z","name":"lockdev-saas-dev","reputation_metrics_enabled":true,"sending_enabled":true,"tracking_options":[]},"sensitive_attributes":[],"private":"bnVsbA=="}]},{"mode":"managed","type":"aws_ses_domain_dkim","name":"main","provider":"provider[\"registry.opentofu.org/hashicorp/aws\"]","instances":[{"schema_version":0,"attributes":{"dkim_tokens":["hzheq6tk2kzjzeinky77hv3qqaankadt","li5nf23ufs367qc4ka2dj3464macuxhb","q3p3ls45jflytxh4p35v22a5epl3v6k6"],"domain":"boundaryhealth.app","id":"boundaryhealth.app"},"sensitive_attributes":[],"private":"bnVsbA==","dependencies":["aws_ses_domain_identity.main"]}]},{"mode":"managed","type":"aws_ses_domain_identity","name":"main","provider":"provider[\"registry.opentofu.org/hashicorp/aws\"]","instances":[{"schema_version":0,"attributes":{"arn":"arn:aws:ses:us-west-2:967463474941:identity/boundaryhealth.app","domain":"boundaryhealth.app","id":"boundaryhealth.app","verification_token":"1tNQKKzIfsSe+mw+DOLtL2YJ3UcFXWLzx3ASrNA8XXo="},"sensitive_attributes":[],"private":"bnVsbA=="}]},{"mode":"managed","type":"aws_ses_email_identity","name":"noreply","provider":"provider[\"registry.opentofu.org/hashicorp/aws\"]","instances":[{"schema_version":0,"attributes":{"arn":"arn:aws:ses:us-west-2:967463474941:identity/noreply@boundaryhealth.app","email":"noreply@boundaryhealth.app","id":"noreply@boundaryhealth.app"},"sensitive_attributes":[],"private":"bnVsbA=="}]},{"mode":"managed","type":"aws_ses_event_destination","name":"bounces","provider":"provider[\"registry.opentofu.org/hashicorp/aws\"]","instances":[{"schema_version":0,"attributes":{"arn":"arn:aws:ses:us-west-2:967463474941:configuration-set/lockdev-saas-dev:event-destination/bounces","cloudwatch_destination":[],"configuration_set_name":"lockdev-saas-dev","enabled":true,"id":"bounces","kinesis_destination":[],"matching_types":["bounce"],"name":"bounces","sns_destination":[{"topic_arn":"arn:aws:sns:us-west-2:967463474941:lockdev-saas-ses-bounces-dev"}]},"sensitive_attributes":[],"private":"bnVsbA==","dependencies":["aws_ses_configuration_set.main","aws_sns_topic.ses_bounces"]}]},{"mode":"managed","type":"aws_ses_event_destination","name":"complaints","provider":"provider[\"registry.opentofu.org/hashicorp/aws\"]","instances":[{"schema_version":0,"attributes":{"arn":"arn:aws:ses:us-west-2:967463474941:configuration-set/lockdev-saas-dev:event-destination/complaints","cloudwatch_destination":[],"configuration_set_name":"lockdev-saas-dev","enabled":true,"id":"complaints","kinesis_destination":[],"matching_types":["complaint"],"name":"complaints","sns_destination":[{"topic_arn":"arn:aws:sns:us-west-2:967463474941:lockdev-saas-ses-complaints-dev"}]},"sensitive_attributes":[],"private":"bnVsbA==","dependencies":["aws_ses_configuration_set.main","aws_sns_topic.ses_complaints"]}]},{"mode":"managed","type":"aws_sns_topic","name":"ses_bounces","provider":"provider[\"registry.opentofu.org/hashicorp/aws\"]","instances":[{"schema_version":0,"attributes":{"application_failure_feedback_role_arn":"","application_success_feedback_role_arn":"","application_success_feedback_sample_rate":0,"archive_policy":"","arn":"arn:aws:sns:us-west-2:967463474941:lockdev-saas-ses-bounces-dev","beginning_archive_time":"","content_based_deduplication":false,"delivery_policy":"","display_name":"","fifo_throughput_scope":"","fifo_topic":false,"firehose_failure_feedback_role_arn":"","firehose_success_feedback_role_arn":"","firehose_success_feedback_sample_rate":0,"http_failure_feedback_role_arn":"","http_success_feedback_role_arn":"","http_success_feedback_sample_rate":0,"id":"arn:aws:sns:us-west-2:967463474941:lockdev-saas-ses-bounces-dev","kms_master_key_id":"","lambda_failure_feedback_role_arn":"","lambda_success_feedback_role_arn":"","lambda_success_feedback_sample_rate":0,"name":"lockdev-saas-ses-bounces-dev","name_prefix":"","owner":"967463474941","policy":"{\"Id\":\"__default_policy_ID\",\"Statement\":[{\"Action\":[\"SNS:GetTopicAttributes\",\"SNS:SetTopicAttributes\",\"SNS:AddPermission\",\"SNS:RemovePermission\",\"SNS:DeleteTopic\",\"SNS:Subscribe\",\"SNS:ListSubscriptionsByTopic\",\"SNS:Publish\"],\"Condition\":{\"StringEquals\":{\"AWS:SourceOwner\":\"967463474941\"}},\"Effect\":\"Allow\",\"Principal\":{\"AWS\":\"*\"},\"Resource\":\"arn:aws:sns:us-west-2:967463474941:lockdev-saas-ses-bounces-dev\",\"Sid\":\"__default_statement_ID\"}],\"Version\":\"2008-10-17\"}","signature_version":0,"sqs_failure_feedback_role_arn":"","sqs_success_feedback_role_arn":"","sqs_success_feedback_sample_rate":0,"tags":{"Description":"SNS topic for SES bounce notifications","Name":"SES Bounce Notifications"},"tags_all":{"Description":"SNS topic for SES bounce notifications","Environment":"dev","ManagedBy":"OpenTofu","Name":"SES Bounce Notifications","Project":"lockdev-saas"},"tracing_config":""},"sensitive_attributes":[],"private":"bnVsbA=="}]},{"mode":"managed","type":"aws_sns_topic","name":"ses_complaints","provider":"provider[\"registry.opentofu.org/hashicorp/aws\"]","instances":[{"schema_version":0,"attributes":{"application_failure_feedback_role_arn":"","application_success_feedback_role_arn":"","application_success_feedback_sample_rate":0,"archive_policy":"","arn":"arn:aws:sns:us-west-2:967463474941:lockdev-saas-ses-complaints-dev","beginning_archive_time":"","content_based_deduplication":false,"delivery_policy":"","display_name":"","fifo_throughput_scope":"","fifo_topic":false,"firehose_failure_feedback_role_arn":"","firehose_success_feedback_role_arn":"","firehose_success_feedback_sample_rate":0,"http_failure_feedback_role_arn":"","http_success_feedback_role_arn":"","http_success_feedback_sample_rate":0,"id":"arn:aws:sns:us-west-2:967463474941:lockdev-saas-ses-complaints-dev","kms_master_key_id":"","lambda_failure_feedback_role_arn":"","lambda_success_feedback_role_arn":"","lambda_success_feedback_sample_rate":0,"name":"lockdev-saas-ses-complaints-dev","name_prefix":"","owner":"967463474941","policy":"{\"Id\":\"__default_policy_ID\",\"Statement\":[{\"Action\":[\"SNS:GetTopicAttributes\",\"SNS:SetTopicAttributes\",\"SNS:AddPermission\",\"SNS:RemovePermission\",\"SNS:DeleteTopic\",\"SNS:Subscribe\",\"SNS:ListSubscriptionsByTopic\",\"SNS:Publish\"],\"Condition\":{\"StringEquals\":{\"AWS:SourceOwner\":\"967463474941\"}},\"Effect\":\"Allow\",\"Principal\":{\"AWS\":\"*\"},\"Resource\":\"arn:aws:sns:us-west-2:967463474941:lockdev-saas-ses-complaints-dev\",\"Sid\":\"__default_statement_ID\"}],\"Version\":\"2008-10-17\"}","signature_version":0,"sqs_failure_feedback_role_arn":"","sqs_success_feedback_role_arn":"","sqs_success_feedback_sample_rate":0,"tags":{"Description":"SNS topic for SES complaint notifications","Name":"SES Complaint Notifications"},"tags_all":{"Description":"SNS topic for SES complaint notifications","Environment":"dev","ManagedBy":"OpenTofu","Name":"SES Complaint Notifications","Project":"lockdev-saas"},"tracing_config":""},"sensitive_attributes":[],"private":"bnVsbA=="}]}],"check_results":[{"object_kind":"var","config_addr":"var.environment","status":"pass","objects":[{"object_addr":"var.environment","status":"pass"}]}]}
